{
  "name": "download-cli",
  "version": "1.0.0",
  "lockfileVersion": 1,
  "requires": true,
  "dependencies": {
    "ansi-colors": {
      "version": "4.1.1",
      "resolved": "https://registry.npm.taobao.org/ansi-colors/download/ansi-colors-4.1.1.tgz",
      "integrity": "sha1-y7muJWv3UK8eqzRPIpqif+lLo0g="
    },
    "enquirer": {
      "version": "2.3.6",
      "resolved": "https://registry.npm.taobao.org/enquirer/download/enquirer-2.3.6.tgz?cache=0&sync_timestamp=1593693257124&other_urls=https%3A%2F%2Fregistry.npm.taobao.org%2Fenquirer%2Fdownload%2Fenquirer-2.3.6.tgz",
      "integrity": "sha1-Kn/l3WNKHkElqXXsmU/1RW3Dc00=",
      "requires": {
        "ansi-colors": "^4.1.1"
      }
    },
    "kolorist": {
      "version": "1.2.10",
      "resolved": "https://registry.npm.taobao.org/kolorist/download/kolorist-1.2.10.tgz",
      "integrity": "sha1-D5ej86HddemAdlx87Iod4ljlgMY="
    },
    "minimist": {
      "version": "1.2.5",
      "resolved": "https://registry.npm.taobao.org/minimist/download/minimist-1.2.5.tgz?cache=0&sync_timestamp=1584051509720&other_urls=https%3A%2F%2Fregistry.npm.taobao.org%2Fminimist%2Fdownload%2Fminimist-1.2.5.tgz",
      "integrity": "sha1-Z9ZgFLZqaoqqDAg8X9WN9OTpdgI="
    }
  }
}
